
Microsoft Visual Studio Solution File, Format Version 12.00
# Visual Studio Version 16
VisualStudioVersion = 16.0.29905.134
MinimumVisualStudioVersion = 10.0.40219.1
Project("{FAE04EC0-301F-11D3-BF4B-00C04F79EFBC}") = "exersice2-1", "exersice2-1\exersice2-1.csproj", "{C7032DBE-D66C-4196-8C99-A4689896268E}"
EndProject
Project("{FAE04EC0-301F-11D3-BF4B-00C04F79EFBC}") = "UnitTestProject1", "UnitTestProject1\UnitTestProject1.csproj", "{D7D538D3-10A3-4B9B-9D99-9699DA2B826E}"
EndProject
Global
	GlobalSection(SolutionConfigurationPlatforms) = preSolution
		Debug|Any CPU = Debug|Any CPU
		Release|Any CPU = Release|Any CPU
	EndGlobalSection
	GlobalSection(ProjectConfigurationPlatforms) = postSolution
		{C7032DBE-D66C-4196-8C99-A4689896268E}.Debug|Any CPU.ActiveCfg = Debug|Any CPU
		{C7032DBE-D66C-4196-8C99-A4689896268E}.Debug|Any CPU.Build.0 = Debug|Any CPU
		{C7032DBE-D66C-4196-8C99-A4689896268E}.Release|Any CPU.ActiveCfg = Release|Any CPU
		{C7032DBE-D66C-4196-8C99-A4689896268E}.Release|Any CPU.Build.0 = Release|Any CPU
		{D7D538D3-10A3-4B9B-9D99-9699DA2B826E}.Debug|Any CPU.ActiveCfg = Debug|Any CPU
		{D7D538D3-10A3-4B9B-9D99-9699DA2B826E}.Debug|Any CPU.Build.0 = Debug|Any CPU
		{D7D538D3-10A3-4B9B-9D99-9699DA2B826E}.Release|Any CPU.ActiveCfg = Release|Any CPU
		{D7D538D3-10A3-4B9B-9D99-9699DA2B826E}.Release|Any CPU.Build.0 = Release|Any CPU
	EndGlobalSection
	GlobalSection(SolutionProperties) = preSolution
		HideSolutionNode = FALSE
	EndGlobalSection
	GlobalSection(ExtensibilityGlobals) = postSolution
		SolutionGuid = {8B656509-42B9-4141-98DA-00FF083D977B}
	EndGlobalSection
EndGlobal
